
Microsoft Visual Studio Solution File, Format Version 12.00
# Visual Studio Version 16
VisualStudioVersion = 16.0.31515.178
MinimumVisualStudioVersion = 10.0.40219.1
Project("{FAE04EC0-301F-11D3-BF4B-00C04F79EFBC}") = "ExtractClass.Core", "ExtractClass.Core\ExtractClass.Core.csproj", "{2FD9A147-AC44-4576-87A5-22E0DCC10E53}"
EndProject
Project("{FAE04EC0-301F-11D3-BF4B-00C04F79EFBC}") = "ExtractClass.Tests", "ExtractClass.Tests\ExtractClass.Tests.csproj", "{E5783EBB-924C-438C-89BC-BFF7AA6B933B}"
EndProject
Global
	GlobalSection(SolutionConfigurationPlatforms) = preSolution
		Debug|Any CPU = Debug|Any CPU
		Release|Any CPU = Release|Any CPU
	EndGlobalSection
	GlobalSection(ProjectConfigurationPlatforms) = postSolution
		{2FD9A147-AC44-4576-87A5-22E0DCC10E53}.Debug|Any CPU.ActiveCfg = Debug|Any CPU
		{2FD9A147-AC44-4576-87A5-22E0DCC10E53}.Debug|Any CPU.Build.0 = Debug|Any CPU
		{2FD9A147-AC44-4576-87A5-22E0DCC10E53}.Release|Any CPU.ActiveCfg = Release|Any CPU
		{2FD9A147-AC44-4576-87A5-22E0DCC10E53}.Release|Any CPU.Build.0 = Release|Any CPU
		{E5783EBB-924C-438C-89BC-BFF7AA6B933B}.Debug|Any CPU.ActiveCfg = Debug|Any CPU
		{E5783EBB-924C-438C-89BC-BFF7AA6B933B}.Debug|Any CPU.Build.0 = Debug|Any CPU
		{E5783EBB-924C-438C-89BC-BFF7AA6B933B}.Release|Any CPU.ActiveCfg = Release|Any CPU
		{E5783EBB-924C-438C-89BC-BFF7AA6B933B}.Release|Any CPU.Build.0 = Release|Any CPU
	EndGlobalSection
	GlobalSection(SolutionProperties) = preSolution
		HideSolutionNode = FALSE
	EndGlobalSection
	GlobalSection(ExtensibilityGlobals) = postSolution
		SolutionGuid = {E985071E-385D-493C-88D6-B5F0CFD4A70D}
	EndGlobalSection
EndGlobal
