
Microsoft Visual Studio Solution File, Format Version 12.00
# Visual Studio Version 16
VisualStudioVersion = 16.0.31515.178
MinimumVisualStudioVersion = 10.0.40219.1
Project("{9A19103F-16F7-4668-BE54-9A1E7A4F7556}") = "MoveField.Core", "MoveField.Core\MoveField.Core.csproj", "{A3D28692-8749-465B-9036-FB17AA8924FF}"
EndProject
Project("{FAE04EC0-301F-11D3-BF4B-00C04F79EFBC}") = "MoveField.Tests", "MoveField.Tests\MoveField.Tests.csproj", "{83A99A9B-EB09-4988-AE05-A1E9752DD3E7}"
EndProject
Global
	GlobalSection(SolutionConfigurationPlatforms) = preSolution
		Debug|Any CPU = Debug|Any CPU
		Release|Any CPU = Release|Any CPU
	EndGlobalSection
	GlobalSection(ProjectConfigurationPlatforms) = postSolution
		{A3D28692-8749-465B-9036-FB17AA8924FF}.Debug|Any CPU.ActiveCfg = Debug|Any CPU
		{A3D28692-8749-465B-9036-FB17AA8924FF}.Debug|Any CPU.Build.0 = Debug|Any CPU
		{A3D28692-8749-465B-9036-FB17AA8924FF}.Release|Any CPU.ActiveCfg = Release|Any CPU
		{A3D28692-8749-465B-9036-FB17AA8924FF}.Release|Any CPU.Build.0 = Release|Any CPU
		{83A99A9B-EB09-4988-AE05-A1E9752DD3E7}.Debug|Any CPU.ActiveCfg = Debug|Any CPU
		{83A99A9B-EB09-4988-AE05-A1E9752DD3E7}.Debug|Any CPU.Build.0 = Debug|Any CPU
		{83A99A9B-EB09-4988-AE05-A1E9752DD3E7}.Release|Any CPU.ActiveCfg = Release|Any CPU
		{83A99A9B-EB09-4988-AE05-A1E9752DD3E7}.Release|Any CPU.Build.0 = Release|Any CPU
	EndGlobalSection
	GlobalSection(SolutionProperties) = preSolution
		HideSolutionNode = FALSE
	EndGlobalSection
	GlobalSection(ExtensibilityGlobals) = postSolution
		SolutionGuid = {77EC5FD7-C5DD-44CB-8629-7F2157B80E86}
	EndGlobalSection
EndGlobal
