
Microsoft Visual Studio Solution File, Format Version 12.00
# Visual Studio Version 16
VisualStudioVersion = 16.0.31515.178
MinimumVisualStudioVersion = 10.0.40219.1
Project("{FAE04EC0-301F-11D3-BF4B-00C04F79EFBC}") = "ExtractFunction.Core", "ExtractFunction.Core\ExtractFunction.Core.csproj", "{13063867-B608-4E19-8366-AD574276ABC6}"
EndProject
Project("{FAE04EC0-301F-11D3-BF4B-00C04F79EFBC}") = "ExtractFunction.Tests", "ExtractFunction.Tests\ExtractFunction.Tests.csproj", "{A90A119F-58C5-482A-9A98-C90490127D3D}"
EndProject
Global
	GlobalSection(SolutionConfigurationPlatforms) = preSolution
		Debug|Any CPU = Debug|Any CPU
		Release|Any CPU = Release|Any CPU
	EndGlobalSection
	GlobalSection(ProjectConfigurationPlatforms) = postSolution
		{13063867-B608-4E19-8366-AD574276ABC6}.Debug|Any CPU.ActiveCfg = Debug|Any CPU
		{13063867-B608-4E19-8366-AD574276ABC6}.Debug|Any CPU.Build.0 = Debug|Any CPU
		{13063867-B608-4E19-8366-AD574276ABC6}.Release|Any CPU.ActiveCfg = Release|Any CPU
		{13063867-B608-4E19-8366-AD574276ABC6}.Release|Any CPU.Build.0 = Release|Any CPU
		{A90A119F-58C5-482A-9A98-C90490127D3D}.Debug|Any CPU.ActiveCfg = Debug|Any CPU
		{A90A119F-58C5-482A-9A98-C90490127D3D}.Debug|Any CPU.Build.0 = Debug|Any CPU
		{A90A119F-58C5-482A-9A98-C90490127D3D}.Release|Any CPU.ActiveCfg = Release|Any CPU
		{A90A119F-58C5-482A-9A98-C90490127D3D}.Release|Any CPU.Build.0 = Release|Any CPU
	EndGlobalSection
	GlobalSection(SolutionProperties) = preSolution
		HideSolutionNode = FALSE
	EndGlobalSection
	GlobalSection(ExtensibilityGlobals) = postSolution
		SolutionGuid = {FFECE51C-3397-4775-9B90-E5B04A469328}
	EndGlobalSection
EndGlobal
