
Microsoft Visual Studio Solution File, Format Version 12.00
# Visual Studio Version 16
VisualStudioVersion = 16.0.31515.178
MinimumVisualStudioVersion = 10.0.40219.1
Project("{9A19103F-16F7-4668-BE54-9A1E7A4F7556}") = "MSIF.Core", "MSIF.Core\MSIF.Core.csproj", "{D66AE811-1166-4230-91F2-2A30FC9CACA2}"
EndProject
Project("{FAE04EC0-301F-11D3-BF4B-00C04F79EFBC}") = "MSIF.Tests", "MSIF.Tests\MSIF.Tests.csproj", "{64FDE66B-F6F8-409C-A385-2A2101E71F27}"
EndProject
Global
	GlobalSection(SolutionConfigurationPlatforms) = preSolution
		Debug|Any CPU = Debug|Any CPU
		Release|Any CPU = Release|Any CPU
	EndGlobalSection
	GlobalSection(ProjectConfigurationPlatforms) = postSolution
		{D66AE811-1166-4230-91F2-2A30FC9CACA2}.Debug|Any CPU.ActiveCfg = Debug|Any CPU
		{D66AE811-1166-4230-91F2-2A30FC9CACA2}.Debug|Any CPU.Build.0 = Debug|Any CPU
		{D66AE811-1166-4230-91F2-2A30FC9CACA2}.Release|Any CPU.ActiveCfg = Release|Any CPU
		{D66AE811-1166-4230-91F2-2A30FC9CACA2}.Release|Any CPU.Build.0 = Release|Any CPU
		{64FDE66B-F6F8-409C-A385-2A2101E71F27}.Debug|Any CPU.ActiveCfg = Debug|Any CPU
		{64FDE66B-F6F8-409C-A385-2A2101E71F27}.Debug|Any CPU.Build.0 = Debug|Any CPU
		{64FDE66B-F6F8-409C-A385-2A2101E71F27}.Release|Any CPU.ActiveCfg = Release|Any CPU
		{64FDE66B-F6F8-409C-A385-2A2101E71F27}.Release|Any CPU.Build.0 = Release|Any CPU
	EndGlobalSection
	GlobalSection(SolutionProperties) = preSolution
		HideSolutionNode = FALSE
	EndGlobalSection
	GlobalSection(ExtensibilityGlobals) = postSolution
		SolutionGuid = {AC6FA0D1-6F1F-4ED4-8C65-61A12606100D}
	EndGlobalSection
EndGlobal
