
Microsoft Visual Studio Solution File, Format Version 12.00
# Visual Studio Version 16
VisualStudioVersion = 16.0.31515.178
MinimumVisualStudioVersion = 10.0.40219.1
Project("{9A19103F-16F7-4668-BE54-9A1E7A4F7556}") = "EncapsulateVariable.Core", "EncapsulateVariable.Core\EncapsulateVariable.Core.csproj", "{5E2F1B0E-5FCC-45E3-8FE5-B6435FFF7CA5}"
EndProject
Project("{FAE04EC0-301F-11D3-BF4B-00C04F79EFBC}") = "EncapsulateVariable.Tests", "EncapsulateVariable.Tests\EncapsulateVariable.Tests.csproj", "{EABAE9B3-7DA3-4F25-ABC6-38BF58332FF2}"
EndProject
Global
	GlobalSection(SolutionConfigurationPlatforms) = preSolution
		Debug|Any CPU = Debug|Any CPU
		Release|Any CPU = Release|Any CPU
	EndGlobalSection
	GlobalSection(ProjectConfigurationPlatforms) = postSolution
		{5E2F1B0E-5FCC-45E3-8FE5-B6435FFF7CA5}.Debug|Any CPU.ActiveCfg = Debug|Any CPU
		{5E2F1B0E-5FCC-45E3-8FE5-B6435FFF7CA5}.Debug|Any CPU.Build.0 = Debug|Any CPU
		{5E2F1B0E-5FCC-45E3-8FE5-B6435FFF7CA5}.Release|Any CPU.ActiveCfg = Release|Any CPU
		{5E2F1B0E-5FCC-45E3-8FE5-B6435FFF7CA5}.Release|Any CPU.Build.0 = Release|Any CPU
		{EABAE9B3-7DA3-4F25-ABC6-38BF58332FF2}.Debug|Any CPU.ActiveCfg = Debug|Any CPU
		{EABAE9B3-7DA3-4F25-ABC6-38BF58332FF2}.Debug|Any CPU.Build.0 = Debug|Any CPU
		{EABAE9B3-7DA3-4F25-ABC6-38BF58332FF2}.Release|Any CPU.ActiveCfg = Release|Any CPU
		{EABAE9B3-7DA3-4F25-ABC6-38BF58332FF2}.Release|Any CPU.Build.0 = Release|Any CPU
	EndGlobalSection
	GlobalSection(SolutionProperties) = preSolution
		HideSolutionNode = FALSE
	EndGlobalSection
	GlobalSection(ExtensibilityGlobals) = postSolution
		SolutionGuid = {95AB1A11-817C-4156-AFDB-3A842DE1C24E}
	EndGlobalSection
EndGlobal
