
Microsoft Visual Studio Solution File, Format Version 12.00
# Visual Studio Version 16
VisualStudioVersion = 16.0.31515.178
MinimumVisualStudioVersion = 10.0.40219.1
Project("{9A19103F-16F7-4668-BE54-9A1E7A4F7556}") = "MoveFunction.Core", "MoveFunction.Core\MoveFunction.Core.csproj", "{6FBC17D2-1CB1-4655-B28D-6E90ECEB58E7}"
EndProject
Project("{FAE04EC0-301F-11D3-BF4B-00C04F79EFBC}") = "MoveFunction.Tests", "MoveFunction.Tests\MoveFunction.Tests.csproj", "{C5D71B19-B14B-4613-B6D0-F43DD9C69362}"
EndProject
Global
	GlobalSection(SolutionConfigurationPlatforms) = preSolution
		Debug|Any CPU = Debug|Any CPU
		Release|Any CPU = Release|Any CPU
	EndGlobalSection
	GlobalSection(ProjectConfigurationPlatforms) = postSolution
		{6FBC17D2-1CB1-4655-B28D-6E90ECEB58E7}.Debug|Any CPU.ActiveCfg = Debug|Any CPU
		{6FBC17D2-1CB1-4655-B28D-6E90ECEB58E7}.Debug|Any CPU.Build.0 = Debug|Any CPU
		{6FBC17D2-1CB1-4655-B28D-6E90ECEB58E7}.Release|Any CPU.ActiveCfg = Release|Any CPU
		{6FBC17D2-1CB1-4655-B28D-6E90ECEB58E7}.Release|Any CPU.Build.0 = Release|Any CPU
		{C5D71B19-B14B-4613-B6D0-F43DD9C69362}.Debug|Any CPU.ActiveCfg = Debug|Any CPU
		{C5D71B19-B14B-4613-B6D0-F43DD9C69362}.Debug|Any CPU.Build.0 = Debug|Any CPU
		{C5D71B19-B14B-4613-B6D0-F43DD9C69362}.Release|Any CPU.ActiveCfg = Release|Any CPU
		{C5D71B19-B14B-4613-B6D0-F43DD9C69362}.Release|Any CPU.Build.0 = Release|Any CPU
	EndGlobalSection
	GlobalSection(SolutionProperties) = preSolution
		HideSolutionNode = FALSE
	EndGlobalSection
	GlobalSection(ExtensibilityGlobals) = postSolution
		SolutionGuid = {F514C8FE-6C99-476A-AC56-D12EAC69CB06}
	EndGlobalSection
EndGlobal
