
Microsoft Visual Studio Solution File, Format Version 12.00
# Visual Studio Version 16
VisualStudioVersion = 16.0.31515.178
MinimumVisualStudioVersion = 10.0.40219.1
Project("{9A19103F-16F7-4668-BE54-9A1E7A4F7556}") = "RenameField.Core", "RenameField.Core\RenameField.Core.csproj", "{52803941-A32D-4F4B-A463-15A1E30667DD}"
EndProject
Project("{FAE04EC0-301F-11D3-BF4B-00C04F79EFBC}") = "RenameField.Tests", "RenameField.Tests\RenameField.Tests.csproj", "{90F6E29E-2630-4A29-B26B-6A97F57D4E26}"
EndProject
Global
	GlobalSection(SolutionConfigurationPlatforms) = preSolution
		Debug|Any CPU = Debug|Any CPU
		Release|Any CPU = Release|Any CPU
	EndGlobalSection
	GlobalSection(ProjectConfigurationPlatforms) = postSolution
		{52803941-A32D-4F4B-A463-15A1E30667DD}.Debug|Any CPU.ActiveCfg = Debug|Any CPU
		{52803941-A32D-4F4B-A463-15A1E30667DD}.Debug|Any CPU.Build.0 = Debug|Any CPU
		{52803941-A32D-4F4B-A463-15A1E30667DD}.Release|Any CPU.ActiveCfg = Release|Any CPU
		{52803941-A32D-4F4B-A463-15A1E30667DD}.Release|Any CPU.Build.0 = Release|Any CPU
		{90F6E29E-2630-4A29-B26B-6A97F57D4E26}.Debug|Any CPU.ActiveCfg = Debug|Any CPU
		{90F6E29E-2630-4A29-B26B-6A97F57D4E26}.Debug|Any CPU.Build.0 = Debug|Any CPU
		{90F6E29E-2630-4A29-B26B-6A97F57D4E26}.Release|Any CPU.ActiveCfg = Release|Any CPU
		{90F6E29E-2630-4A29-B26B-6A97F57D4E26}.Release|Any CPU.Build.0 = Release|Any CPU
	EndGlobalSection
	GlobalSection(SolutionProperties) = preSolution
		HideSolutionNode = FALSE
	EndGlobalSection
	GlobalSection(ExtensibilityGlobals) = postSolution
		SolutionGuid = {3E9C11FB-973A-48FF-B8FE-21A0EF984D6D}
	EndGlobalSection
EndGlobal
