
Microsoft Visual Studio Solution File, Format Version 12.00
# Visual Studio Version 16
VisualStudioVersion = 16.0.31515.178
MinimumVisualStudioVersion = 10.0.40219.1
Project("{9A19103F-16F7-4668-BE54-9A1E7A4F7556}") = "InlineFunction.Core", "InlineFunction.Core\InlineFunction.Core.csproj", "{1FE969E1-DEC6-422A-BB69-9785D51018A4}"
EndProject
Project("{FAE04EC0-301F-11D3-BF4B-00C04F79EFBC}") = "InlineFunction.Tests", "InlineFunction.Tests\InlineFunction.Tests.csproj", "{C4339975-F13E-4EC7-B81C-F6E82D45DD15}"
EndProject
Global
	GlobalSection(SolutionConfigurationPlatforms) = preSolution
		Debug|Any CPU = Debug|Any CPU
		Release|Any CPU = Release|Any CPU
	EndGlobalSection
	GlobalSection(ProjectConfigurationPlatforms) = postSolution
		{1FE969E1-DEC6-422A-BB69-9785D51018A4}.Debug|Any CPU.ActiveCfg = Debug|Any CPU
		{1FE969E1-DEC6-422A-BB69-9785D51018A4}.Debug|Any CPU.Build.0 = Debug|Any CPU
		{1FE969E1-DEC6-422A-BB69-9785D51018A4}.Release|Any CPU.ActiveCfg = Release|Any CPU
		{1FE969E1-DEC6-422A-BB69-9785D51018A4}.Release|Any CPU.Build.0 = Release|Any CPU
		{C4339975-F13E-4EC7-B81C-F6E82D45DD15}.Debug|Any CPU.ActiveCfg = Debug|Any CPU
		{C4339975-F13E-4EC7-B81C-F6E82D45DD15}.Debug|Any CPU.Build.0 = Debug|Any CPU
		{C4339975-F13E-4EC7-B81C-F6E82D45DD15}.Release|Any CPU.ActiveCfg = Release|Any CPU
		{C4339975-F13E-4EC7-B81C-F6E82D45DD15}.Release|Any CPU.Build.0 = Release|Any CPU
	EndGlobalSection
	GlobalSection(SolutionProperties) = preSolution
		HideSolutionNode = FALSE
	EndGlobalSection
	GlobalSection(ExtensibilityGlobals) = postSolution
		SolutionGuid = {0AE6B1C9-0A08-4690-8F41-1400C27B7E36}
	EndGlobalSection
EndGlobal
