
Microsoft Visual Studio Solution File, Format Version 12.00
# Visual Studio Version 16
VisualStudioVersion = 16.0.31515.178
MinimumVisualStudioVersion = 10.0.40219.1
Project("{9A19103F-16F7-4668-BE54-9A1E7A4F7556}") = "CFIT.Core", "CFIT.Core\CFIT.Core.csproj", "{55047C41-2F13-4EF8-8D01-04871F215857}"
EndProject
Project("{FAE04EC0-301F-11D3-BF4B-00C04F79EFBC}") = "CFIT.Tests", "CFIT.Tests\CFIT.Tests.csproj", "{5A14F30C-4321-4F83-ABCA-7BACD3DEEB7C}"
EndProject
Global
	GlobalSection(SolutionConfigurationPlatforms) = preSolution
		Debug|Any CPU = Debug|Any CPU
		Release|Any CPU = Release|Any CPU
	EndGlobalSection
	GlobalSection(ProjectConfigurationPlatforms) = postSolution
		{55047C41-2F13-4EF8-8D01-04871F215857}.Debug|Any CPU.ActiveCfg = Debug|Any CPU
		{55047C41-2F13-4EF8-8D01-04871F215857}.Debug|Any CPU.Build.0 = Debug|Any CPU
		{55047C41-2F13-4EF8-8D01-04871F215857}.Release|Any CPU.ActiveCfg = Release|Any CPU
		{55047C41-2F13-4EF8-8D01-04871F215857}.Release|Any CPU.Build.0 = Release|Any CPU
		{5A14F30C-4321-4F83-ABCA-7BACD3DEEB7C}.Debug|Any CPU.ActiveCfg = Debug|Any CPU
		{5A14F30C-4321-4F83-ABCA-7BACD3DEEB7C}.Debug|Any CPU.Build.0 = Debug|Any CPU
		{5A14F30C-4321-4F83-ABCA-7BACD3DEEB7C}.Release|Any CPU.ActiveCfg = Release|Any CPU
		{5A14F30C-4321-4F83-ABCA-7BACD3DEEB7C}.Release|Any CPU.Build.0 = Release|Any CPU
	EndGlobalSection
	GlobalSection(SolutionProperties) = preSolution
		HideSolutionNode = FALSE
	EndGlobalSection
	GlobalSection(ExtensibilityGlobals) = postSolution
		SolutionGuid = {19C92B83-42CC-4BAA-8044-211F14F1CB54}
	EndGlobalSection
EndGlobal
